{
  "lockfileVersion": 1,
  "configVersion": 1,
  "workspaces": {
    "": {
      "name": "commerce-packages",
      "devDependencies": {
        "typescript": "^5.8.3",
      },
    },
    "packages/commerce-core": {
      "name": "@storefront/commerce-core",
      "version": "0.1.0",
      "dependencies": {
        "@medusajs/types": "^2.17.2",
        "@tanstack/zod-adapter": "^1.167.0",
        "zod": "^3.24.2",
      },
      "devDependencies": {
        "typescript": "^5.8.3",
      },
    },
    "playground": {
      "name": "playground",
      "dependencies": {
        "@storefront/commerce-core": "workspace:*",
      },
    },
  },
  "packages": {
    "@medusajs/types": ["@medusajs/types@2.18.0", "", { "dependencies": { "bignumber.js": "^9.1.2" }, "peerDependencies": { "ioredis": "^5.4.1", "vite": "^5.4.21" }, "optionalPeers": ["ioredis", "vite"] }, "sha512-jOIBAPjkToJnXpfh++0s8W3Z1qspOg+yiwNR8qsFPFWuIlTfhzCbFk+LBTp7cvHiafsrkwTp1DsW4W3zfCerEg=="],

    "@storefront/commerce-core": ["@storefront/commerce-core@workspace:packages/commerce-core"],

    "@tanstack/history": ["@tanstack/history@1.162.0", "", {}, "sha512-79pf/RkhteYZTRgcR4F9kbk84P2N8rugQJswxfIqovlbRiT3yI7eBE+5QorIrZaOKktsgzRlXh1l/du/xpl4iA=="],

    "@tanstack/react-router": ["@tanstack/react-router@1.170.18", "", { "dependencies": { "@tanstack/history": "1.162.0", "@tanstack/react-store": "^0.9.3", "@tanstack/router-core": "1.171.15", "isbot": "^5.1.22" }, "peerDependencies": { "react": ">=18.0.0 || >=19.0.0", "react-dom": ">=18.0.0 || >=19.0.0" } }, "sha512-wpbGYZEp/fmz1q4bn7BD8VZ+/VZ7GBqSJv5V969pU+chP8y7dquWDmKTFMohvUegb9lg12m1uPVvD6kB2wORvQ=="],

    "@tanstack/react-store": ["@tanstack/react-store@0.9.3", "", { "dependencies": { "@tanstack/store": "0.9.3", "use-sync-external-store": "^1.6.0" }, "peerDependencies": { "react": "^16.8.0 || ^17.0.0 || ^18.0.0 || ^19.0.0", "react-dom": "^16.8.0 || ^17.0.0 || ^18.0.0 || ^19.0.0" } }, "sha512-y2iHd/N9OkoQbFJLUX1T9vbc2O9tjH0pQRgTcx1/Nz4IlwLvkgpuglXUx+mXt0g5ZDFrEeDnONPqkbfxXJKwRg=="],

    "@tanstack/router-core": ["@tanstack/router-core@1.171.15", "", { "dependencies": { "@tanstack/history": "1.162.0", "cookie-es": "^3.0.0", "seroval": "^1.5.4", "seroval-plugins": "^1.5.4" } }, "sha512-IILCDcLaItMZQ2jEmCABHY1Nhjjn5XUvwpQp3e4Nmu+vfg0BgYFuu/QASz2SwE2ZNbVMrvt8X/wxa+Gg5aErxA=="],

    "@tanstack/store": ["@tanstack/store@0.9.3", "", {}, "sha512-8reSzl/qGWGGVKhBoxXPMWzATSbZLZFWhwBAFO9NAyp0TxzfBP0mIrGb8CP8KrQTmvzXlR/vFPPUrHTLBGyFyw=="],

    "@tanstack/zod-adapter": ["@tanstack/zod-adapter@1.167.0", "", { "peerDependencies": { "@tanstack/react-router": ">=1.43.2", "zod": "^3.23.8" } }, "sha512-5Wlm5teSu+pz3KKhfa1ESsiOJXbvV6ITr1vKOQKi9yEdtozp6VefEzxzafLLida97mnL2tmauva/njokQrG5CA=="],

    "bignumber.js": ["bignumber.js@9.3.1", "", {}, "sha512-Ko0uX15oIUS7wJ3Rb30Fs6SkVbLmPBAKdlm7q9+ak9bbIeFf0MwuBsQV6z7+X768/cHsfg+WlysDWJcmthjsjQ=="],

    "cookie-es": ["cookie-es@3.1.1", "", {}, "sha512-UaXxwISYJPTr9hwQxMFYZ7kNhSXboMXP+Z3TRX6f1/NyaGPfuNUZOWP1pUEb75B2HjfklIYLVRfWiFZJyC6Npg=="],

    "isbot": ["isbot@5.2.1", "", {}, "sha512-dJ+LpKyClQZ7NG+j3OensC/mAZkGpukE9YUrgPYvAZj2doVL0edfDgywTUh5CXa0o+nW9a1V9e5+CJTX8+SxRw=="],

    "playground": ["playground@workspace:playground"],

    "react": ["react@19.2.8", "", {}, "sha512-PWaYA1L/q9u2u7xYQi+Y3L3Yfnie7XyLeaJICV1MGD6LprsBxcAqGjYyr0eY3p+QdsA+x/Irkt4Qif8D63+Sbw=="],

    "react-dom": ["react-dom@19.2.8", "", { "dependencies": { "scheduler": "^0.27.0" }, "peerDependencies": { "react": "^19.2.8" } }, "sha512-rVprimfGBG3DR+Tq0IQG2DT5PxKth1WIGDmj5yPmlzr4YBe7uyE+Du4oVqTDXZSHGGGXRtTJEGSSePyQCMBglQ=="],

    "scheduler": ["scheduler@0.27.0", "", {}, "sha512-eNv+WrVbKu1f3vbYJT/xtiF5syA5HPIMtf9IgY/nKg0sWqzAUEvqY/xm7OcZc/qafLx/iO9FgOmeSAp4v5ti/Q=="],

    "seroval": ["seroval@1.5.6", "", {}, "sha512-rVQVWjjSvlINzaQPZH5JFqsqEsIWdTxY3iJZCnTL/5gQbXIRooVZKI60tVCkOVfzcRPejboxO2t0P89dg5mQaA=="],

    "seroval-plugins": ["seroval-plugins@1.5.6", "", { "peerDependencies": { "seroval": "^1.0" } }, "sha512-HXuLAX2pu/UByPpaeo/TaMfvMIi+1QqIoPJYCcAtU8QkVNwgR6MPlGuCQTErV1JwraaMbYaWVIBX7mppzGLATQ=="],

    "typescript": ["typescript@5.9.3", "", { "bin": { "tsc": "bin/tsc", "tsserver": "bin/tsserver" } }, "sha512-jl1vZzPDinLr9eUt3J/t7V6FgNEw9QjvBPdysz9KfQDD41fQrC2Y4vKQdiaUpFT4bXlb1RHhLpp8wtm6M5TgSw=="],

    "use-sync-external-store": ["use-sync-external-store@1.6.0", "", { "peerDependencies": { "react": "^16.8.0 || ^17.0.0 || ^18.0.0 || ^19.0.0" } }, "sha512-Pp6GSwGP/NrPIrxVFAIkOQeyw8lFenOHijQWkUTrDvrF4ALqylP2C/KCkeS9dpUM3KvYRQhna5vt7IL95+ZQ9w=="],

    "zod": ["zod@3.25.76", "", {}, "sha512-gzUt/qt81nXsFGKIFcC3YnfEAx5NkunCfnDlvuBSSFS02bcXu4Lmea0AFIUwbLWxWPx3d9p8S5QoaujKcNQxcQ=="],
  }
}
